// !$*UTF8*$!
{
	archiveVersion = 1;
	classes = {
	};
	objectVersion = 45;
	objects = {

/* Begin PBXBuildFile section */
		AA747D9F0F9514B9006C5449 /* ProtocolBuffers_Prefix.pch in Headers */ = {isa = PBXBuildFile; fileRef = AA747D9E0F9514B9006C5449 /* ProtocolBuffers_Prefix.pch */; };
		AACBBE4A0F95108600F1A2B1 /* Foundation.framework in Frameworks */ = {isa = PBXBuildFile; fileRef = AACBBE490F95108600F1A2B1 /* Foundation.framework */; };
		C5B03EC512516B730087887C /* ConcreteExtensionField.h in Headers */ = {isa = PBXBuildFile; fileRef = C5B03EC312516B730087887C /* ConcreteExtensionField.h */; };
		C5B03EC612516B730087887C /* ConcreteExtensionField.m in Sources */ = {isa = PBXBuildFile; fileRef = C5B03EC412516B730087887C /* ConcreteExtensionField.m */; };
		C5B03ECB12516B830087887C /* ExtendableMessage_Builder.h in Headers */ = {isa = PBXBuildFile; fileRef = C5B03EC712516B830087887C /* ExtendableMessage_Builder.h */; };
		C5B03ECC12516B830087887C /* ExtendableMessage_Builder.m in Sources */ = {isa = PBXBuildFile; fileRef = C5B03EC812516B830087887C /* ExtendableMessage_Builder.m */; };
		C5B03ECD12516B830087887C /* ExtendableMessage.h in Headers */ = {isa = PBXBuildFile; fileRef = C5B03EC912516B830087887C /* ExtendableMessage.h */; };
		C5B03ECE12516B830087887C /* ExtendableMessage.m in Sources */ = {isa = PBXBuildFile; fileRef = C5B03ECA12516B830087887C /* ExtendableMessage.m */; };
		C5B03ED212516B8E0087887C /* ExtensionField.h in Headers */ = {isa = PBXBuildFile; fileRef = C5B03ECF12516B8E0087887C /* ExtensionField.h */; };
		C5B03ED312516B8E0087887C /* ExtensionRegistry.h in Headers */ = {isa = PBXBuildFile; fileRef = C5B03ED012516B8E0087887C /* ExtensionRegistry.h */; };
		C5B03ED412516B8E0087887C /* ExtensionRegistry.m in Sources */ = {isa = PBXBuildFile; fileRef = C5B03ED112516B8E0087887C /* ExtensionRegistry.m */; };
		C5B03ED812516BAC0087887C /* Field.h in Headers */ = {isa = PBXBuildFile; fileRef = C5B03ED612516BAC0087887C /* Field.h */; };
		C5B03ED912516BAC0087887C /* Field.m in Sources */ = {isa = PBXBuildFile; fileRef = C5B03ED712516BAC0087887C /* Field.m */; };
		C5B03EDC12516BBC0087887C /* MutableExtensionRegistry.h in Headers */ = {isa = PBXBuildFile; fileRef = C5B03EDA12516BBC0087887C /* MutableExtensionRegistry.h */; };
		C5B03EDD12516BBC0087887C /* MutableExtensionRegistry.m in Sources */ = {isa = PBXBuildFile; fileRef = C5B03EDB12516BBC0087887C /* MutableExtensionRegistry.m */; };
		C5B03EE012516BC50087887C /* MutableField.h in Headers */ = {isa = PBXBuildFile; fileRef = C5B03EDE12516BC50087887C /* MutableField.h */; };
		C5B03EE112516BC50087887C /* MutableField.m in Sources */ = {isa = PBXBuildFile; fileRef = C5B03EDF12516BC50087887C /* MutableField.m */; };
		C5B03EE612516BD50087887C /* UnknownFieldSet_Builder.h in Headers */ = {isa = PBXBuildFile; fileRef = C5B03EE212516BD50087887C /* UnknownFieldSet_Builder.h */; };
		C5B03EE712516BD50087887C /* UnknownFieldSet_Builder.m in Sources */ = {isa = PBXBuildFile; fileRef = C5B03EE312516BD50087887C /* UnknownFieldSet_Builder.m */; };
		C5B03EE812516BD50087887C /* UnknownFieldSet.h in Headers */ = {isa = PBXBuildFile; fileRef = C5B03EE412516BD50087887C /* UnknownFieldSet.h */; };
		C5B03EE912516BD50087887C /* UnknownFieldSet.m in Sources */ = {isa = PBXBuildFile; fileRef = C5B03EE512516BD50087887C /* UnknownFieldSet.m */; };
		C5B03EEF12516BFE0087887C /* GeneratedMessage_Builder.h in Headers */ = {isa = PBXBuildFile; fileRef = C5B03EEB12516BFE0087887C /* GeneratedMessage_Builder.h */; };
		C5B03EF012516BFE0087887C /* GeneratedMessage_Builder.m in Sources */ = {isa = PBXBuildFile; fileRef = C5B03EEC12516BFE0087887C /* GeneratedMessage_Builder.m */; };
		C5B03EF112516BFE0087887C /* GeneratedMessage.h in Headers */ = {isa = PBXBuildFile; fileRef = C5B03EED12516BFE0087887C /* GeneratedMessage.h */; };
		C5B03EF212516BFE0087887C /* GeneratedMessage.m in Sources */ = {isa = PBXBuildFile; fileRef = C5B03EEE12516BFE0087887C /* GeneratedMessage.m */; };
		C5B03EF812516C200087887C /* CodedInputStream.h in Headers */ = {isa = PBXBuildFile; fileRef = C5B03EF412516C200087887C /* CodedInputStream.h */; };
		C5B03EF912516C200087887C /* CodedInputStream.m in Sources */ = {isa = PBXBuildFile; fileRef = C5B03EF512516C200087887C /* CodedInputStream.m */; };
		C5B03EFA12516C200087887C /* CodedOutputStream.h in Headers */ = {isa = PBXBuildFile; fileRef = C5B03EF612516C200087887C /* CodedOutputStream.h */; };
		C5B03EFB12516C200087887C /* CodedOutputStream.m in Sources */ = {isa = PBXBuildFile; fileRef = C5B03EF712516C200087887C /* CodedOutputStream.m */; };
		C5B03F0012516C2D0087887C /* RingBuffer.h in Headers */ = {isa = PBXBuildFile; fileRef = C5B03EFC12516C2D0087887C /* RingBuffer.h */; };
		C5B03F0112516C2D0087887C /* RingBuffer.m in Sources */ = {isa = PBXBuildFile; fileRef = C5B03EFD12516C2D0087887C /* RingBuffer.m */; };
		C5B03F0212516C2D0087887C /* TextFormat.h in Headers */ = {isa = PBXBuildFile; fileRef = C5B03EFE12516C2D0087887C /* TextFormat.h */; };
		C5B03F0312516C2D0087887C /* TextFormat.m in Sources */ = {isa = PBXBuildFile; fileRef = C5B03EFF12516C2D0087887C /* TextFormat.m */; };
		C5B03F0612516C330087887C /* WireFormat.h in Headers */ = {isa = PBXBuildFile; fileRef = C5B03F0412516C330087887C /* WireFormat.h */; };
		C5B03F0712516C330087887C /* WireFormat.m in Sources */ = {isa = PBXBuildFile; fileRef = C5B03F0512516C330087887C /* WireFormat.m */; };
		C5B03F0D12516C510087887C /* AbstractMessage_Builder.h in Headers */ = {isa = PBXBuildFile; fileRef = C5B03F0912516C510087887C /* AbstractMessage_Builder.h */; };
		C5B03F0E12516C510087887C /* AbstractMessage_Builder.m in Sources */ = {isa = PBXBuildFile; fileRef = C5B03F0A12516C510087887C /* AbstractMessage_Builder.m */; };
		C5B03F0F12516C510087887C /* AbstractMessage.h in Headers */ = {isa = PBXBuildFile; fileRef = C5B03F0B12516C510087887C /* AbstractMessage.h */; };
		C5B03F1012516C510087887C /* AbstractMessage.m in Sources */ = {isa = PBXBuildFile; fileRef = C5B03F0C12516C510087887C /* AbstractMessage.m */; };
		C5B03F1312516C690087887C /* Message_Builder.h in Headers */ = {isa = PBXBuildFile; fileRef = C5B03F1112516C690087887C /* Message_Builder.h */; };
		C5B03F1412516C690087887C /* Message.h in Headers */ = {isa = PBXBuildFile; fileRef = C5B03F1212516C690087887C /* Message.h */; };
		C5B03F1A12516CA10087887C /* Utilities.h in Headers */ = {isa = PBXBuildFile; fileRef = C5B03F1812516CA10087887C /* Utilities.h */; };
		C5B03F1B12516CA10087887C /* Utilities.m in Sources */ = {isa = PBXBuildFile; fileRef = C5B03F1912516CA10087887C /* Utilities.m */; };
		C5B03F2212516D110087887C /* ProtocolBuffers.h in Headers */ = {isa = PBXBuildFile; fileRef = C5B03F2112516D110087887C /* ProtocolBuffers.h */; };
		C5B03F2412516D1B0087887C /* Bootstrap.h in Headers */ = {isa = PBXBuildFile; fileRef = C5B03F2312516D1B0087887C /* Bootstrap.h */; };
		C5B03F2612516D290087887C /* ForwardDeclarations.h in Headers */ = {isa = PBXBuildFile; fileRef = C5B03F2512516D290087887C /* ForwardDeclarations.h */; };
		C5B03FC712517AAE0087887C /* SmallBlockInputStream.m in Sources */ = {isa = PBXBuildFile; fileRef = C5B03F8912517A1A0087887C /* SmallBlockInputStream.m */; };
		C5B03FC912517AD90087887C /* CodedInputStreamTests.m in Sources */ = {isa = PBXBuildFile; fileRef = C5B03F7C12517A1A0087887C /* CodedInputStreamTests.m */; };
		C5B03FCA12517AD90087887C /* CodedOuputStreamTests.m in Sources */ = {isa = PBXBuildFile; fileRef = C5B03F7E12517A1A0087887C /* CodedOuputStreamTests.m */; };
		C5B03FCB12517AD90087887C /* CoreTests.m in Sources */ = {isa = PBXBuildFile; fileRef = C5B03F8012517A1A0087887C /* CoreTests.m */; };
		C5B03FCC12517AD90087887C /* GeneratedMessageTests.m in Sources */ = {isa = PBXBuildFile; fileRef = C5B03F8212517A1A0087887C /* GeneratedMessageTests.m */; };
		C5B03FCD12517AD90087887C /* MessageTests.m in Sources */ = {isa = PBXBuildFile; fileRef = C5B03F8512517A1A0087887C /* MessageTests.m */; };
		C5B03FCE12517AD90087887C /* MicroTest.m in Sources */ = {isa = PBXBuildFile; fileRef = C5B03F8712517A1A0087887C /* MicroTest.m */; };
		C5B03FCF12517AD90087887C /* TestUtilities.m in Sources */ = {isa = PBXBuildFile; fileRef = C5B03F8B12517A1A0087887C /* TestUtilities.m */; };
		C5B03FD012517AD90087887C /* Unittest.pb.m in Sources */ = {isa = PBXBuildFile; fileRef = C5B03F8D12517A1A0087887C /* Unittest.pb.m */; };
		C5B03FD212517AD90087887C /* UnittestEmbedOptimizeFor.pb.m in Sources */ = {isa = PBXBuildFile; fileRef = C5B03F9112517A1A0087887C /* UnittestEmbedOptimizeFor.pb.m */; };
		C5B03FD312517AD90087887C /* UnittestImport.pb.m in Sources */ = {isa = PBXBuildFile; fileRef = C5B03F9312517A1A0087887C /* UnittestImport.pb.m */; };
		C5B03FD412517AD90087887C /* UnittestMset.pb.m in Sources */ = {isa = PBXBuildFile; fileRef = C5B03F9512517A1A0087887C /* UnittestMset.pb.m */; };
		C5B03FD512517AD90087887C /* UnittestOptimizeFor.pb.m in Sources */ = {isa = PBXBuildFile; fileRef = C5B03F9712517A1A0087887C /* UnittestOptimizeFor.pb.m */; };
		C5B03FD612517AD90087887C /* UnknownFieldSetTest.m in Sources */ = {isa = PBXBuildFile; fileRef = C5B03F9912517A1A0087887C /* UnknownFieldSetTest.m */; };
		C5B03FD712517AD90087887C /* UtilitiesTests.m in Sources */ = {isa = PBXBuildFile; fileRef = C5B03F9B12517A1A0087887C /* UtilitiesTests.m */; };
		C5B03FD812517AD90087887C /* WireFormatTests.m in Sources */ = {isa = PBXBuildFile; fileRef = C5B03F9D12517A1A0087887C /* WireFormatTests.m */; };
		C5B03FF512517C6A0087887C /* libProtocolBuffers.a in Frameworks */ = {isa = PBXBuildFile; fileRef = D2AAC07E0554694100DB518D /* libProtocolBuffers.a */; };
		C5B03FF712517CA00087887C /* SenTestingKit.framework in Frameworks */ = {isa = PBXBuildFile; fileRef = C5B03FF612517CA00087887C /* SenTestingKit.framework */; };
		C5B0406312517D0A0087887C /* Main.m in Sources */ = {isa = PBXBuildFile; fileRef = C5B03F8312517A1A0087887C /* Main.m */; };
/* End PBXBuildFile section */

/* Begin PBXContainerItemProxy section */
		C5B03FF312517BD10087887C /* PBXContainerItemProxy */ = {
			isa = PBXContainerItemProxy;
			containerPortal = 0867D690FE84028FC02AAC07 /* Project object */;
			proxyType = 1;
			remoteGlobalIDString = D2AAC07D0554694100DB518D;
			remoteInfo = ProtocolBuffers;
		};
/* End PBXContainerItemProxy section */

/* Begin PBXFileReference section */
		AA747D9E0F9514B9006C5449 /* ProtocolBuffers_Prefix.pch */ = {isa = PBXFileReference; fileEncoding = 4; lastKnownFileType = sourcecode.c.h; path = ProtocolBuffers_Prefix.pch; sourceTree = SOURCE_ROOT; };
		AACBBE490F95108600F1A2B1 /* Foundation.framework */ = {isa = PBXFileReference; lastKnownFileType = wrapper.framework; name = Foundation.framework; path = System/Library/Frameworks/Foundation.framework; sourceTree = SDKROOT; };
		C5B03EC312516B730087887C /* ConcreteExtensionField.h */ = {isa = PBXFileReference; fileEncoding = 4; lastKnownFileType = sourcecode.c.h; name = ConcreteExtensionField.h; path = Classes/ConcreteExtensionField.h; sourceTree = "<group>"; };
		C5B03EC412516B730087887C /* ConcreteExtensionField.m */ = {isa = PBXFileReference; fileEncoding = 4; lastKnownFileType = sourcecode.c.objc; name = ConcreteExtensionField.m; path = Classes/ConcreteExtensionField.m; sourceTree = "<group>"; };
		C5B03EC712516B830087887C /* ExtendableMessage_Builder.h */ = {isa = PBXFileReference; fileEncoding = 4; lastKnownFileType = sourcecode.c.h; name = ExtendableMessage_Builder.h; path = Classes/ExtendableMessage_Builder.h; sourceTree = "<group>"; };
		C5B03EC812516B830087887C /* ExtendableMessage_Builder.m */ = {isa = PBXFileReference; fileEncoding = 4; lastKnownFileType = sourcecode.c.objc; name = ExtendableMessage_Builder.m; path = Classes/ExtendableMessage_Builder.m; sourceTree = "<group>"; };
		C5B03EC912516B830087887C /* ExtendableMessage.h */ = {isa = PBXFileReference; fileEncoding = 4; lastKnownFileType = sourcecode.c.h; name = ExtendableMessage.h; path = Classes/ExtendableMessage.h; sourceTree = "<group>"; };
		C5B03ECA12516B830087887C /* ExtendableMessage.m */ = {isa = PBXFileReference; fileEncoding = 4; lastKnownFileType = sourcecode.c.objc; name = ExtendableMessage.m; path = Classes/ExtendableMessage.m; sourceTree = "<group>"; };
		C5B03ECF12516B8E0087887C /* ExtensionField.h */ = {isa = PBXFileReference; fileEncoding = 4; lastKnownFileType = sourcecode.c.h; name = ExtensionField.h; path = Classes/ExtensionField.h; sourceTree = "<group>"; };
		C5B03ED012516B8E0087887C /* ExtensionRegistry.h */ = {isa = PBXFileReference; fileEncoding = 4; lastKnownFileType = sourcecode.c.h; name = ExtensionRegistry.h; path = Classes/ExtensionRegistry.h; sourceTree = "<group>"; };
		C5B03ED112516B8E0087887C /* ExtensionRegistry.m */ = {isa = PBXFileReference; fileEncoding = 4; lastKnownFileType = sourcecode.c.objc; name = ExtensionRegistry.m; path = Classes/ExtensionRegistry.m; sourceTree = "<group>"; };
		C5B03ED612516BAC0087887C /* Field.h */ = {isa = PBXFileReference; fileEncoding = 4; lastKnownFileType = sourcecode.c.h; name = Field.h; path = Classes/Field.h; sourceTree = "<group>"; };
		C5B03ED712516BAC0087887C /* Field.m */ = {isa = PBXFileReference; fileEncoding = 4; lastKnownFileType = sourcecode.c.objc; name = Field.m; path = Classes/Field.m; sourceTree = "<group>"; };
		C5B03EDA12516BBC0087887C /* MutableExtensionRegistry.h */ = {isa = PBXFileReference; fileEncoding = 4; lastKnownFileType = sourcecode.c.h; name = MutableExtensionRegistry.h; path = Classes/MutableExtensionRegistry.h; sourceTree = "<group>"; };
		C5B03EDB12516BBC0087887C /* MutableExtensionRegistry.m */ = {isa = PBXFileReference; fileEncoding = 4; lastKnownFileType = sourcecode.c.objc; name = MutableExtensionRegistry.m; path = Classes/MutableExtensionRegistry.m; sourceTree = "<group>"; };
		C5B03EDE12516BC50087887C /* MutableField.h */ = {isa = PBXFileReference; fileEncoding = 4; lastKnownFileType = sourcecode.c.h; name = MutableField.h; path = Classes/MutableField.h; sourceTree = "<group>"; };
		C5B03EDF12516BC50087887C /* MutableField.m */ = {isa = PBXFileReference; fileEncoding = 4; lastKnownFileType = sourcecode.c.objc; name = MutableField.m; path = Classes/MutableField.m; sourceTree = "<group>"; };
		C5B03EE212516BD50087887C /* UnknownFieldSet_Builder.h */ = {isa = PBXFileReference; fileEncoding = 4; lastKnownFileType = sourcecode.c.h; name = UnknownFieldSet_Builder.h; path = Classes/UnknownFieldSet_Builder.h; sourceTree = "<group>"; };
		C5B03EE312516BD50087887C /* UnknownFieldSet_Builder.m */ = {isa = PBXFileReference; fileEncoding = 4; lastKnownFileType = sourcecode.c.objc; name = UnknownFieldSet_Builder.m; path = Classes/UnknownFieldSet_Builder.m; sourceTree = "<group>"; };
		C5B03EE412516BD50087887C /* UnknownFieldSet.h */ = {isa = PBXFileReference; fileEncoding = 4; lastKnownFileType = sourcecode.c.h; name = UnknownFieldSet.h; path = Classes/UnknownFieldSet.h; sourceTree = "<group>"; };
		C5B03EE512516BD50087887C /* UnknownFieldSet.m */ = {isa = PBXFileReference; fileEncoding = 4; lastKnownFileType = sourcecode.c.objc; name = UnknownFieldSet.m; path = Classes/UnknownFieldSet.m; sourceTree = "<group>"; };
		C5B03EEB12516BFE0087887C /* GeneratedMessage_Builder.h */ = {isa = PBXFileReference; fileEncoding = 4; lastKnownFileType = sourcecode.c.h; name = GeneratedMessage_Builder.h; path = Classes/GeneratedMessage_Builder.h; sourceTree = "<group>"; };
		C5B03EEC12516BFE0087887C /* GeneratedMessage_Builder.m */ = {isa = PBXFileReference; fileEncoding = 4; lastKnownFileType = sourcecode.c.objc; name = GeneratedMessage_Builder.m; path = Classes/GeneratedMessage_Builder.m; sourceTree = "<group>"; };
		C5B03EED12516BFE0087887C /* GeneratedMessage.h */ = {isa = PBXFileReference; fileEncoding = 4; lastKnownFileType = sourcecode.c.h; name = GeneratedMessage.h; path = Classes/GeneratedMessage.h; sourceTree = "<group>"; };
		C5B03EEE12516BFE0087887C /* GeneratedMessage.m */ = {isa = PBXFileReference; fileEncoding = 4; lastKnownFileType = sourcecode.c.objc; name = GeneratedMessage.m; path = Classes/GeneratedMessage.m; sourceTree = "<group>"; };
		C5B03EF412516C200087887C /* CodedInputStream.h */ = {isa = PBXFileReference; fileEncoding = 4; lastKnownFileType = sourcecode.c.h; name = CodedInputStream.h; path = Classes/CodedInputStream.h; sourceTree = "<group>"; };
		C5B03EF512516C200087887C /* CodedInputStream.m */ = {isa = PBXFileReference; fileEncoding = 4; lastKnownFileType = sourcecode.c.objc; name = CodedInputStream.m; path = Classes/CodedInputStream.m; sourceTree = "<group>"; };
		C5B03EF612516C200087887C /* CodedOutputStream.h */ = {isa = PBXFileReference; fileEncoding = 4; lastKnownFileType = sourcecode.c.h; name = CodedOutputStream.h; path = Classes/CodedOutputStream.h; sourceTree = "<group>"; };
		C5B03EF712516C200087887C /* CodedOutputStream.m */ = {isa = PBXFileReference; fileEncoding = 4; lastKnownFileType = sourcecode.c.objc; name = CodedOutputStream.m; path = Classes/CodedOutputStream.m; sourceTree = "<group>"; };
		C5B03EFC12516C2D0087887C /* RingBuffer.h */ = {isa = PBXFileReference; fileEncoding = 4; lastKnownFileType = sourcecode.c.h; name = RingBuffer.h; path = Classes/RingBuffer.h; sourceTree = "<group>"; };
		C5B03EFD12516C2D0087887C /* RingBuffer.m */ = {isa = PBXFileReference; fileEncoding = 4; lastKnownFileType = sourcecode.c.objc; name = RingBuffer.m; path = Classes/RingBuffer.m; sourceTree = "<group>"; };
		C5B03EFE12516C2D0087887C /* TextFormat.h */ = {isa = PBXFileReference; fileEncoding = 4; lastKnownFileType = sourcecode.c.h; name = TextFormat.h; path = Classes/TextFormat.h; sourceTree = "<group>"; };
		C5B03EFF12516C2D0087887C /* TextFormat.m */ = {isa = PBXFileReference; fileEncoding = 4; lastKnownFileType = sourcecode.c.objc; name = TextFormat.m; path = Classes/TextFormat.m; sourceTree = "<group>"; };
		C5B03F0412516C330087887C /* WireFormat.h */ = {isa = PBXFileReference; fileEncoding = 4; lastKnownFileType = sourcecode.c.h; name = WireFormat.h; path = Classes/WireFormat.h; sourceTree = "<group>"; };
		C5B03F0512516C330087887C /* WireFormat.m */ = {isa = PBXFileReference; fileEncoding = 4; lastKnownFileType = sourcecode.c.objc; name = WireFormat.m; path = Classes/WireFormat.m; sourceTree = "<group>"; };
		C5B03F0912516C510087887C /* AbstractMessage_Builder.h */ = {isa = PBXFileReference; fileEncoding = 4; lastKnownFileType = sourcecode.c.h; name = AbstractMessage_Builder.h; path = Classes/AbstractMessage_Builder.h; sourceTree = "<group>"; };
		C5B03F0A12516C510087887C /* AbstractMessage_Builder.m */ = {isa = PBXFileReference; fileEncoding = 4; lastKnownFileType = sourcecode.c.objc; name = AbstractMessage_Builder.m; path = Classes/AbstractMessage_Builder.m; sourceTree = "<group>"; };
		C5B03F0B12516C510087887C /* AbstractMessage.h */ = {isa = PBXFileReference; fileEncoding = 4; lastKnownFileType = sourcecode.c.h; name = AbstractMessage.h; path = Classes/AbstractMessage.h; sourceTree = "<group>"; };
		C5B03F0C12516C510087887C /* AbstractMessage.m */ = {isa = PBXFileReference; fileEncoding = 4; lastKnownFileType = sourcecode.c.objc; name = AbstractMessage.m; path = Classes/AbstractMessage.m; sourceTree = "<group>"; };
		C5B03F1112516C690087887C /* Message_Builder.h */ = {isa = PBXFileReference; fileEncoding = 4; lastKnownFileType = sourcecode.c.h; name = Message_Builder.h; path = Classes/Message_Builder.h; sourceTree = "<group>"; };
		C5B03F1212516C690087887C /* Message.h */ = {isa = PBXFileReference; fileEncoding = 4; lastKnownFileType = sourcecode.c.h; name = Message.h; path = Classes/Message.h; sourceTree = "<group>"; };
		C5B03F1812516CA10087887C /* Utilities.h */ = {isa = PBXFileReference; fileEncoding = 4; lastKnownFileType = sourcecode.c.h; name = Utilities.h; path = Classes/Utilities.h; sourceTree = "<group>"; };
		C5B03F1912516CA10087887C /* Utilities.m */ = {isa = PBXFileReference; fileEncoding = 4; lastKnownFileType = sourcecode.c.objc; name = Utilities.m; path = Classes/Utilities.m; sourceTree = "<group>"; };
		C5B03F2112516D110087887C /* ProtocolBuffers.h */ = {isa = PBXFileReference; fileEncoding = 4; lastKnownFileType = sourcecode.c.h; name = ProtocolBuffers.h; path = Classes/ProtocolBuffers.h; sourceTree = "<group>"; };
		C5B03F2312516D1B0087887C /* Bootstrap.h */ = {isa = PBXFileReference; fileEncoding = 4; lastKnownFileType = sourcecode.c.h; name = Bootstrap.h; path = Classes/Bootstrap.h; sourceTree = "<group>"; };
		C5B03F2512516D290087887C /* ForwardDeclarations.h */ = {isa = PBXFileReference; fileEncoding = 4; lastKnownFileType = sourcecode.c.h; name = ForwardDeclarations.h; path = Classes/ForwardDeclarations.h; sourceTree = "<group>"; };
		C5B03F76125179F30087887C /* UnitTests.octest */ = {isa = PBXFileReference; explicitFileType = wrapper.cfbundle; includeInIndex = 0; path = UnitTests.octest; sourceTree = BUILT_PRODUCTS_DIR; };
		C5B03F77125179F30087887C /* UnitTests-Info.plist */ = {isa = PBXFileReference; lastKnownFileType = text.plist.xml; path = "UnitTests-Info.plist"; sourceTree = "<group>"; };
		C5B03F7B12517A1A0087887C /* CodedInputStreamTests.h */ = {isa = PBXFileReference; fileEncoding = 4; lastKnownFileType = sourcecode.c.h; name = CodedInputStreamTests.h; path = Tests/CodedInputStreamTests.h; sourceTree = "<group>"; };
		C5B03F7C12517A1A0087887C /* CodedInputStreamTests.m */ = {isa = PBXFileReference; fileEncoding = 4; lastKnownFileType = sourcecode.c.objc; name = CodedInputStreamTests.m; path = Tests/CodedInputStreamTests.m; sourceTree = "<group>"; };
		C5B03F7D12517A1A0087887C /* CodedOuputStreamTests.h */ = {isa = PBXFileReference; fileEncoding = 4; lastKnownFileType = sourcecode.c.h; name = CodedOuputStreamTests.h; path = Tests/CodedOuputStreamTests.h; sourceTree = "<group>"; };
		C5B03F7E12517A1A0087887C /* CodedOuputStreamTests.m */ = {isa = PBXFileReference; fileEncoding = 4; lastKnownFileType = sourcecode.c.objc; name = CodedOuputStreamTests.m; path = Tests/CodedOuputStreamTests.m; sourceTree = "<group>"; };
		C5B03F7F12517A1A0087887C /* CoreTests.h */ = {isa = PBXFileReference; fileEncoding = 4; lastKnownFileType = sourcecode.c.h; name = CoreTests.h; path = Tests/CoreTests.h; sourceTree = "<group>"; };
		C5B03F8012517A1A0087887C /* CoreTests.m */ = {isa = PBXFileReference; fileEncoding = 4; lastKnownFileType = sourcecode.c.objc; name = CoreTests.m; path = Tests/CoreTests.m; sourceTree = "<group>"; };
		C5B03F8112517A1A0087887C /* GeneratedMessageTests.h */ = {isa = PBXFileReference; fileEncoding = 4; lastKnownFileType = sourcecode.c.h; name = GeneratedMessageTests.h; path = Tests/GeneratedMessageTests.h; sourceTree = "<group>"; };
		C5B03F8212517A1A0087887C /* GeneratedMessageTests.m */ = {isa = PBXFileReference; fileEncoding = 4; lastKnownFileType = sourcecode.c.objc; name = GeneratedMessageTests.m; path = Tests/GeneratedMessageTests.m; sourceTree = "<group>"; };
		C5B03F8312517A1A0087887C /* Main.m */ = {isa = PBXFileReference; fileEncoding = 4; lastKnownFileType = sourcecode.c.objc; name = Main.m; path = Tests/Main.m; sourceTree = "<group>"; };
		C5B03F8412517A1A0087887C /* MessageTests.h */ = {isa = PBXFileReference; fileEncoding = 4; lastKnownFileType = sourcecode.c.h; name = MessageTests.h; path = Tests/MessageTests.h; sourceTree = "<group>"; };
		C5B03F8512517A1A0087887C /* MessageTests.m */ = {isa = PBXFileReference; fileEncoding = 4; lastKnownFileType = sourcecode.c.objc; name = MessageTests.m; path = Tests/MessageTests.m; sourceTree = "<group>"; };
		C5B03F8612517A1A0087887C /* MicroTest.h */ = {isa = PBXFileReference; fileEncoding = 4; lastKnownFileType = sourcecode.c.h; name = MicroTest.h; path = Tests/MicroTest.h; sourceTree = "<group>"; };
		C5B03F8712517A1A0087887C /* MicroTest.m */ = {isa = PBXFileReference; fileEncoding = 4; lastKnownFileType = sourcecode.c.objc; name = MicroTest.m; path = Tests/MicroTest.m; sourceTree = "<group>"; };
		C5B03F8812517A1A0087887C /* SmallBlockInputStream.h */ = {isa = PBXFileReference; fileEncoding = 4; lastKnownFileType = sourcecode.c.h; name = SmallBlockInputStream.h; path = Tests/SmallBlockInputStream.h; sourceTree = "<group>"; };
		C5B03F8912517A1A0087887C /* SmallBlockInputStream.m */ = {isa = PBXFileReference; fileEncoding = 4; lastKnownFileType = sourcecode.c.objc; name = SmallBlockInputStream.m; path = Tests/SmallBlockInputStream.m; sourceTree = "<group>"; };
		C5B03F8A12517A1A0087887C /* TestUtilities.h */ = {isa = PBXFileReference; fileEncoding = 4; lastKnownFileType = sourcecode.c.h; name = TestUtilities.h; path = Tests/TestUtilities.h; sourceTree = "<group>"; };
		C5B03F8B12517A1A0087887C /* TestUtilities.m */ = {isa = PBXFileReference; fileEncoding = 4; lastKnownFileType = sourcecode.c.objc; name = TestUtilities.m; path = Tests/TestUtilities.m; sourceTree = "<group>"; };
		C5B03F8C12517A1A0087887C /* Unittest.pb.h */ = {isa = PBXFileReference; fileEncoding = 4; lastKnownFileType = sourcecode.c.h; name = Unittest.pb.h; path = Tests/Unittest.pb.h; sourceTree = "<group>"; };
		C5B03F8D12517A1A0087887C /* Unittest.pb.m */ = {isa = PBXFileReference; fileEncoding = 4; lastKnownFileType = sourcecode.c.objc; name = Unittest.pb.m; path = Tests/Unittest.pb.m; sourceTree = "<group>"; };
		C5B03F9012517A1A0087887C /* UnittestEmbedOptimizeFor.pb.h */ = {isa = PBXFileReference; fileEncoding = 4; lastKnownFileType = sourcecode.c.h; name = UnittestEmbedOptimizeFor.pb.h; path = Tests/UnittestEmbedOptimizeFor.pb.h; sourceTree = "<group>"; };
		C5B03F9112517A1A0087887C /* UnittestEmbedOptimizeFor.pb.m */ = {isa = PBXFileReference; fileEncoding = 4; lastKnownFileType = sourcecode.c.objc; name = UnittestEmbedOptimizeFor.pb.m; path = Tests/UnittestEmbedOptimizeFor.pb.m; sourceTree = "<group>"; };
		C5B03F9212517A1A0087887C /* UnittestImport.pb.h */ = {isa = PBXFileReference; fileEncoding = 4; lastKnownFileType = sourcecode.c.h; name = UnittestImport.pb.h; path = Tests/UnittestImport.pb.h; sourceTree = "<group>"; };
		C5B03F9312517A1A0087887C /* UnittestImport.pb.m */ = {isa = PBXFileReference; fileEncoding = 4; lastKnownFileType = sourcecode.c.objc; name = UnittestImport.pb.m; path = Tests/UnittestImport.pb.m; sourceTree = "<group>"; };
		C5B03F9412517A1A0087887C /* UnittestMset.pb.h */ = {isa = PBXFileReference; fileEncoding = 4; lastKnownFileType = sourcecode.c.h; name = UnittestMset.pb.h; path = Tests/UnittestMset.pb.h; sourceTree = "<group>"; };
		C5B03F9512517A1A0087887C /* UnittestMset.pb.m */ = {isa = PBXFileReference; fileEncoding = 4; lastKnownFileType = sourcecode.c.objc; name = UnittestMset.pb.m; path = Tests/UnittestMset.pb.m; sourceTree = "<group>"; };
		C5B03F9612517A1A0087887C /* UnittestOptimizeFor.pb.h */ = {isa = PBXFileReference; fileEncoding = 4; lastKnownFileType = sourcecode.c.h; name = UnittestOptimizeFor.pb.h; path = Tests/UnittestOptimizeFor.pb.h; sourceTree = "<group>"; };
		C5B03F9712517A1A0087887C /* UnittestOptimizeFor.pb.m */ = {isa = PBXFileReference; fileEncoding = 4; lastKnownFileType = sourcecode.c.objc; name = UnittestOptimizeFor.pb.m; path = Tests/UnittestOptimizeFor.pb.m; sourceTree = "<group>"; };
		C5B03F9812517A1A0087887C /* UnknownFieldSetTest.h */ = {isa = PBXFileReference; fileEncoding = 4; lastKnownFileType = sourcecode.c.h; name = UnknownFieldSetTest.h; path = Tests/UnknownFieldSetTest.h; sourceTree = "<group>"; };
		C5B03F9912517A1A0087887C /* UnknownFieldSetTest.m */ = {isa = PBXFileReference; fileEncoding = 4; lastKnownFileType = sourcecode.c.objc; name = UnknownFieldSetTest.m; path = Tests/UnknownFieldSetTest.m; sourceTree = "<group>"; };
		C5B03F9A12517A1A0087887C /* UtilitiesTests.h */ = {isa = PBXFileReference; fileEncoding = 4; lastKnownFileType = sourcecode.c.h; name = UtilitiesTests.h; path = Tests/UtilitiesTests.h; sourceTree = "<group>"; };
		C5B03F9B12517A1A0087887C /* UtilitiesTests.m */ = {isa = PBXFileReference; fileEncoding = 4; lastKnownFileType = sourcecode.c.objc; name = UtilitiesTests.m; path = Tests/UtilitiesTests.m; sourceTree = "<group>"; };
		C5B03F9C12517A1A0087887C /* WireFormatTests.h */ = {isa = PBXFileReference; fileEncoding = 4; lastKnownFileType = sourcecode.c.h; name = WireFormatTests.h; path = Tests/WireFormatTests.h; sourceTree = "<group>"; };
		C5B03F9D12517A1A0087887C /* WireFormatTests.m */ = {isa = PBXFileReference; fileEncoding = 4; lastKnownFileType = sourcecode.c.objc; name = WireFormatTests.m; path = Tests/WireFormatTests.m; sourceTree = "<group>"; };
		C5B03FF612517CA00087887C /* SenTestingKit.framework */ = {isa = PBXFileReference; lastKnownFileType = wrapper.framework; name = SenTestingKit.framework; path = Library/Frameworks/SenTestingKit.framework; sourceTree = DEVELOPER_DIR; };
		D2AAC07E0554694100DB518D /* libProtocolBuffers.a */ = {isa = PBXFileReference; explicitFileType = archive.ar; includeInIndex = 0; path = libProtocolBuffers.a; sourceTree = BUILT_PRODUCTS_DIR; };
/* End PBXFileReference section */

/* Begin PBXFrameworksBuildPhase section */
		C5B03F73125179F30087887C /* Frameworks */ = {
			isa = PBXFrameworksBuildPhase;
			buildActionMask = 2147483647;
			files = (
				C5B03FF512517C6A0087887C /* libProtocolBuffers.a in Frameworks */,
				C5B03FF712517CA00087887C /* SenTestingKit.framework in Frameworks */,
			);
			runOnlyForDeploymentPostprocessing = 0;
		};
		D2AAC07C0554694100DB518D /* Frameworks */ = {
			isa = PBXFrameworksBuildPhase;
			buildActionMask = 2147483647;
			files = (
				AACBBE4A0F95108600F1A2B1 /* Foundation.framework in Frameworks */,
			);
			runOnlyForDeploymentPostprocessing = 0;
		};
/* End PBXFrameworksBuildPhase section */

/* Begin PBXGroup section */
		034768DFFF38A50411DB9C8B /* Products */ = {
			isa = PBXGroup;
			children = (
				D2AAC07E0554694100DB518D /* libProtocolBuffers.a */,
				C5B03F76125179F30087887C /* UnitTests.octest */,
			);
			name = Products;
			sourceTree = "<group>";
		};
		0867D691FE84028FC02AAC07 /* ProtocolBuffers */ = {
			isa = PBXGroup;
			children = (
				08FB77AEFE84172EC02AAC07 /* Classes */,
				C5B03E5312516AD70087887C /* Unit Tests */,
				32C88DFF0371C24200C91783 /* Other Sources */,
				0867D69AFE84028FC02AAC07 /* Frameworks */,
				034768DFFF38A50411DB9C8B /* Products */,
			);
			name = ProtocolBuffers;
			sourceTree = "<group>";
		};
		0867D69AFE84028FC02AAC07 /* Frameworks */ = {
			isa = PBXGroup;
			children = (
				AACBBE490F95108600F1A2B1 /* Foundation.framework */,
				C5B03FF612517CA00087887C /* SenTestingKit.framework */,
			);
			name = Frameworks;
			sourceTree = "<group>";
		};
		08FB77AEFE84172EC02AAC07 /* Classes */ = {
			isa = PBXGroup;
			children = (
				C5B03EC212516B5D0087887C /* Extensions */,
				C5B03ED512516B970087887C /* Fields */,
				C5B03EF312516C0B0087887C /* IO */,
				C5B03F0812516C3C0087887C /* Messages */,
				C5B03F1512516C7D0087887C /* Utilities */,
				C5B03F2312516D1B0087887C /* Bootstrap.h */,
				C5B03F2512516D290087887C /* ForwardDeclarations.h */,
				C5B03F2112516D110087887C /* ProtocolBuffers.h */,
			);
			name = Classes;
			sourceTree = "<group>";
		};
		32C88DFF0371C24200C91783 /* Other Sources */ = {
			isa = PBXGroup;
			children = (
				AA747D9E0F9514B9006C5449 /* ProtocolBuffers_Prefix.pch */,
			);
			name = "Other Sources";
			sourceTree = "<group>";
		};
		C5B03E5312516AD70087887C /* Unit Tests */ = {
			isa = PBXGroup;
			children = (
				C5B040B212517E930087887C /* Protocol Buffers */,
				C5B03FC112517A2B0087887C /* Tests */,
				C5B03FC412517A540087887C /* Utilities */,
				C5B03F8312517A1A0087887C /* Main.m */,
				C5B03F77125179F30087887C /* UnitTests-Info.plist */,
			);
			name = "Unit Tests";
			sourceTree = "<group>";
		};
		C5B03EC212516B5D0087887C /* Extensions */ = {
			isa = PBXGroup;
			children = (
				C5B03EC312516B730087887C /* ConcreteExtensionField.h */,
				C5B03EC412516B730087887C /* ConcreteExtensionField.m */,
				C5B03EC712516B830087887C /* ExtendableMessage_Builder.h */,
				C5B03EC812516B830087887C /* ExtendableMessage_Builder.m */,
				C5B03EC912516B830087887C /* ExtendableMessage.h */,
				C5B03ECA12516B830087887C /* ExtendableMessage.m */,
				C5B03ECF12516B8E0087887C /* ExtensionField.h */,
				C5B03ED012516B8E0087887C /* ExtensionRegistry.h */,
				C5B03ED112516B8E0087887C /* ExtensionRegistry.m */,
				C5B03EDA12516BBC0087887C /* MutableExtensionRegistry.h */,
				C5B03EDB12516BBC0087887C /* MutableExtensionRegistry.m */,
			);
			name = Extensions;
			sourceTree = "<group>";
		};
		C5B03ED512516B970087887C /* Fields */ = {
			isa = PBXGroup;
			children = (
				C5B03ED612516BAC0087887C /* Field.h */,
				C5B03ED712516BAC0087887C /* Field.m */,
				C5B03EDE12516BC50087887C /* MutableField.h */,
				C5B03EDF12516BC50087887C /* MutableField.m */,
				C5B03EE212516BD50087887C /* UnknownFieldSet_Builder.h */,
				C5B03EE312516BD50087887C /* UnknownFieldSet_Builder.m */,
				C5B03EE412516BD50087887C /* UnknownFieldSet.h */,
				C5B03EE512516BD50087887C /* UnknownFieldSet.m */,
			);
			name = Fields;
			sourceTree = "<group>";
		};
		C5B03EF312516C0B0087887C /* IO */ = {
			isa = PBXGroup;
			children = (
				C5B03EF412516C200087887C /* CodedInputStream.h */,
				C5B03EF512516C200087887C /* CodedInputStream.m */,
				C5B03EF612516C200087887C /* CodedOutputStream.h */,
				C5B03EF712516C200087887C /* CodedOutputStream.m */,
				C5B03EFE12516C2D0087887C /* TextFormat.h */,
				C5B03EFF12516C2D0087887C /* TextFormat.m */,
				C5B03F0412516C330087887C /* WireFormat.h */,
				C5B03F0512516C330087887C /* WireFormat.m */,
			);
			name = IO;
			sourceTree = "<group>";
		};
		C5B03F0812516C3C0087887C /* Messages */ = {
			isa = PBXGroup;
			children = (
				C5B03F0912516C510087887C /* AbstractMessage_Builder.h */,
				C5B03F0A12516C510087887C /* AbstractMessage_Builder.m */,
				C5B03F0B12516C510087887C /* AbstractMessage.h */,
				C5B03F0C12516C510087887C /* AbstractMessage.m */,
				C5B03EEB12516BFE0087887C /* GeneratedMessage_Builder.h */,
				C5B03EEC12516BFE0087887C /* GeneratedMessage_Builder.m */,
				C5B03EED12516BFE0087887C /* GeneratedMessage.h */,
				C5B03EEE12516BFE0087887C /* GeneratedMessage.m */,
				C5B03F1112516C690087887C /* Message_Builder.h */,
				C5B03F1212516C690087887C /* Message.h */,
			);
			name = Messages;
			sourceTree = "<group>";
		};
		C5B03F1512516C7D0087887C /* Utilities */ = {
			isa = PBXGroup;
			children = (
				C5B03EFC12516C2D0087887C /* RingBuffer.h */,
				C5B03EFD12516C2D0087887C /* RingBuffer.m */,
				C5B03F1812516CA10087887C /* Utilities.h */,
				C5B03F1912516CA10087887C /* Utilities.m */,
			);
			name = Utilities;
			sourceTree = "<group>";
		};
		C5B03FC112517A2B0087887C /* Tests */ = {
			isa = PBXGroup;
			children = (
				C5B03F7B12517A1A0087887C /* CodedInputStreamTests.h */,
				C5B03F7C12517A1A0087887C /* CodedInputStreamTests.m */,
				C5B03F7D12517A1A0087887C /* CodedOuputStreamTests.h */,
				C5B03F7E12517A1A0087887C /* CodedOuputStreamTests.m */,
				C5B03F7F12517A1A0087887C /* CoreTests.h */,
				C5B03F8012517A1A0087887C /* CoreTests.m */,
				C5B03F8112517A1A0087887C /* GeneratedMessageTests.h */,
				C5B03F8212517A1A0087887C /* GeneratedMessageTests.m */,
				C5B03F8412517A1A0087887C /* MessageTests.h */,
				C5B03F8512517A1A0087887C /* MessageTests.m */,
				C5B03F8612517A1A0087887C /* MicroTest.h */,
				C5B03F8712517A1A0087887C /* MicroTest.m */,
				C5B03F8A12517A1A0087887C /* TestUtilities.h */,
				C5B03F8B12517A1A0087887C /* TestUtilities.m */,
				C5B03F9812517A1A0087887C /* UnknownFieldSetTest.h */,
				C5B03F9912517A1A0087887C /* UnknownFieldSetTest.m */,
				C5B03F9A12517A1A0087887C /* UtilitiesTests.h */,
				C5B03F9B12517A1A0087887C /* UtilitiesTests.m */,
				C5B03F9C12517A1A0087887C /* WireFormatTests.h */,
				C5B03F9D12517A1A0087887C /* WireFormatTests.m */,
			);
			name = Tests;
			sourceTree = "<group>";
		};
		C5B03FC412517A540087887C /* Utilities */ = {
			isa = PBXGroup;
			children = (
				C5B03F8812517A1A0087887C /* SmallBlockInputStream.h */,
				C5B03F8912517A1A0087887C /* SmallBlockInputStream.m */,
			);
			name = Utilities;
			sourceTree = "<group>";
		};
		C5B040B212517E930087887C /* Protocol Buffers */ = {
			isa = PBXGroup;
			children = (
				C5B03F8C12517A1A0087887C /* Unittest.pb.h */,
				C5B03F8D12517A1A0087887C /* Unittest.pb.m */,
				C5B03F9412517A1A0087887C /* UnittestMset.pb.h */,
				C5B03F9512517A1A0087887C /* UnittestMset.pb.m */,
				C5B03F9012517A1A0087887C /* UnittestEmbedOptimizeFor.pb.h */,
				C5B03F9112517A1A0087887C /* UnittestEmbedOptimizeFor.pb.m */,
				C5B03F9212517A1A0087887C /* UnittestImport.pb.h */,
				C5B03F9312517A1A0087887C /* UnittestImport.pb.m */,
				C5B03F9612517A1A0087887C /* UnittestOptimizeFor.pb.h */,
				C5B03F9712517A1A0087887C /* UnittestOptimizeFor.pb.m */,
			);
			name = "Protocol Buffers";
			sourceTree = "<group>";
		};
/* End PBXGroup section */

/* Begin PBXHeadersBuildPhase section */
		D2AAC07A0554694100DB518D /* Headers */ = {
			isa = PBXHeadersBuildPhase;
			buildActionMask = 2147483647;
			files = (
				AA747D9F0F9514B9006C5449 /* ProtocolBuffers_Prefix.pch in Headers */,
				C5B03EC512516B730087887C /* ConcreteExtensionField.h in Headers */,
				C5B03ECB12516B830087887C /* ExtendableMessage_Builder.h in Headers */,
				C5B03ECD12516B830087887C /* ExtendableMessage.h in Headers */,
				C5B03ED212516B8E0087887C /* ExtensionField.h in Headers */,
				C5B03ED312516B8E0087887C /* ExtensionRegistry.h in Headers */,
				C5B03ED812516BAC0087887C /* Field.h in Headers */,
				C5B03EDC12516BBC0087887C /* MutableExtensionRegistry.h in Headers */,
				C5B03EE012516BC50087887C /* MutableField.h in Headers */,
				C5B03EE612516BD50087887C /* UnknownFieldSet_Builder.h in Headers */,
				C5B03EE812516BD50087887C /* UnknownFieldSet.h in Headers */,
				C5B03EEF12516BFE0087887C /* GeneratedMessage_Builder.h in Headers */,
				C5B03EF112516BFE0087887C /* GeneratedMessage.h in Headers */,
				C5B03EF812516C200087887C /* CodedInputStream.h in Headers */,
				C5B03EFA12516C200087887C /* CodedOutputStream.h in Headers */,
				C5B03F0012516C2D0087887C /* RingBuffer.h in Headers */,
				C5B03F0212516C2D0087887C /* TextFormat.h in Headers */,
				C5B03F0612516C330087887C /* WireFormat.h in Headers */,
				C5B03F0D12516C510087887C /* AbstractMessage_Builder.h in Headers */,
				C5B03F0F12516C510087887C /* AbstractMessage.h in Headers */,
				C5B03F1312516C690087887C /* Message_Builder.h in Headers */,
				C5B03F1412516C690087887C /* Message.h in Headers */,
				C5B03F1A12516CA10087887C /* Utilities.h in Headers */,
				C5B03F2212516D110087887C /* ProtocolBuffers.h in Headers */,
				C5B03F2412516D1B0087887C /* Bootstrap.h in Headers */,
				C5B03F2612516D290087887C /* ForwardDeclarations.h in Headers */,
			);
			runOnlyForDeploymentPostprocessing = 0;
		};
/* End PBXHeadersBuildPhase section */

/* Begin PBXNativeTarget section */
		C5B03F75125179F30087887C /* UnitTests */ = {
			isa = PBXNativeTarget;
			buildConfigurationList = C5B03F7A125179F50087887C /* Build configuration list for PBXNativeTarget "UnitTests" */;
			buildPhases = (
				C5B03F71125179F30087887C /* Resources */,
				C5B03F72125179F30087887C /* Sources */,
				C5B03F73125179F30087887C /* Frameworks */,
				C5B03F74125179F30087887C /* ShellScript */,
			);
			buildRules = (
			);
			dependencies = (
				C5B03FF412517BD10087887C /* PBXTargetDependency */,
			);
			name = UnitTests;
			productName = UnitTests;
			productReference = C5B03F76125179F30087887C /* UnitTests.octest */;
			productType = "com.apple.product-type.bundle";
		};
		D2AAC07D0554694100DB518D /* ProtocolBuffers */ = {
			isa = PBXNativeTarget;
			buildConfigurationList = 1DEB921E08733DC00010E9CD /* Build configuration list for PBXNativeTarget "ProtocolBuffers" */;
			buildPhases = (
				D2AAC07A0554694100DB518D /* Headers */,
				D2AAC07B0554694100DB518D /* Sources */,
				D2AAC07C0554694100DB518D /* Frameworks */,
			);
			buildRules = (
			);
			dependencies = (
			);
			name = ProtocolBuffers;
			productName = ProtocolBuffers;
			productReference = D2AAC07E0554694100DB518D /* libProtocolBuffers.a */;
			productType = "com.apple.product-type.library.static";
		};
/* End PBXNativeTarget section */

/* Begin PBXProject section */
		0867D690FE84028FC02AAC07 /* Project object */ = {
			isa = PBXProject;
			buildConfigurationList = 1DEB922208733DC00010E9CD /* Build configuration list for PBXProject "ProtocolBuffers" */;
			compatibilityVersion = "Xcode 3.1";
			developmentRegion = English;
			hasScannedForEncodings = 1;
			knownRegions = (
				English,
				Japanese,
				French,
				German,
			);
			mainGroup = 0867D691FE84028FC02AAC07 /* ProtocolBuffers */;
			productRefGroup = 034768DFFF38A50411DB9C8B /* Products */;
			projectDirPath = "";
			projectRoot = "";
			targets = (
				D2AAC07D0554694100DB518D /* ProtocolBuffers */,
				C5B03F75125179F30087887C /* UnitTests */,
			);
		};
/* End PBXProject section */

/* Begin PBXResourcesBuildPhase section */
		C5B03F71125179F30087887C /* Resources */ = {
			isa = PBXResourcesBuildPhase;
			buildActionMask = 2147483647;
			files = (
			);
			runOnlyForDeploymentPostprocessing = 0;
		};
/* End PBXResourcesBuildPhase section */

/* Begin PBXShellScriptBuildPhase section */
		C5B03F74125179F30087887C /* ShellScript */ = {
			isa = PBXShellScriptBuildPhase;
			buildActionMask = 2147483647;
			files = (
			);
			inputPaths = (
			);
			outputPaths = (
			);
			runOnlyForDeploymentPostprocessing = 0;
			shellPath = /bin/sh;
			shellScript = "# Run the unit tests in this test bundle.\n\"${SYSTEM_DEVELOPER_DIR}/Tools/RunUnitTests\"\n";
		};
/* End PBXShellScriptBuildPhase section */

/* Begin PBXSourcesBuildPhase section */
		C5B03F72125179F30087887C /* Sources */ = {
			isa = PBXSourcesBuildPhase;
			buildActionMask = 2147483647;
			files = (
				C5B03FC712517AAE0087887C /* SmallBlockInputStream.m in Sources */,
				C5B03FC912517AD90087887C /* CodedInputStreamTests.m in Sources */,
				C5B03FCA12517AD90087887C /* CodedOuputStreamTests.m in Sources */,
				C5B03FCB12517AD90087887C /* CoreTests.m in Sources */,
				C5B03FCC12517AD90087887C /* GeneratedMessageTests.m in Sources */,
				C5B03FCD12517AD90087887C /* MessageTests.m in Sources */,
				C5B03FCE12517AD90087887C /* MicroTest.m in Sources */,
				C5B03FCF12517AD90087887C /* TestUtilities.m in Sources */,
				C5B03FD012517AD90087887C /* Unittest.pb.m in Sources */,
				C5B03FD212517AD90087887C /* UnittestEmbedOptimizeFor.pb.m in Sources */,
				C5B03FD312517AD90087887C /* UnittestImport.pb.m in Sources */,
				C5B03FD412517AD90087887C /* UnittestMset.pb.m in Sources */,
				C5B03FD512517AD90087887C /* UnittestOptimizeFor.pb.m in Sources */,
				C5B03FD612517AD90087887C /* UnknownFieldSetTest.m in Sources */,
				C5B03FD712517AD90087887C /* UtilitiesTests.m in Sources */,
				C5B03FD812517AD90087887C /* WireFormatTests.m in Sources */,
				C5B0406312517D0A0087887C /* Main.m in Sources */,
			);
			runOnlyForDeploymentPostprocessing = 0;
		};
		D2AAC07B0554694100DB518D /* Sources */ = {
			isa = PBXSourcesBuildPhase;
			buildActionMask = 2147483647;
			files = (
				C5B03EC612516B730087887C /* ConcreteExtensionField.m in Sources */,
				C5B03ECC12516B830087887C /* ExtendableMessage_Builder.m in Sources */,
				C5B03ECE12516B830087887C /* ExtendableMessage.m in Sources */,
				C5B03ED412516B8E0087887C /* ExtensionRegistry.m in Sources */,
				C5B03ED912516BAC0087887C /* Field.m in Sources */,
				C5B03EDD12516BBC0087887C /* MutableExtensionRegistry.m in Sources */,
				C5B03EE112516BC50087887C /* MutableField.m in Sources */,
				C5B03EE712516BD50087887C /* UnknownFieldSet_Builder.m in Sources */,
				C5B03EE912516BD50087887C /* UnknownFieldSet.m in Sources */,
				C5B03EF012516BFE0087887C /* GeneratedMessage_Builder.m in Sources */,
				C5B03EF212516BFE0087887C /* GeneratedMessage.m in Sources */,
				C5B03EF912516C200087887C /* CodedInputStream.m in Sources */,
				C5B03EFB12516C200087887C /* CodedOutputStream.m in Sources */,
				C5B03F0112516C2D0087887C /* RingBuffer.m in Sources */,
				C5B03F0312516C2D0087887C /* TextFormat.m in Sources */,
				C5B03F0712516C330087887C /* WireFormat.m in Sources */,
				C5B03F0E12516C510087887C /* AbstractMessage_Builder.m in Sources */,
				C5B03F1012516C510087887C /* AbstractMessage.m in Sources */,
				C5B03F1B12516CA10087887C /* Utilities.m in Sources */,
			);
			runOnlyForDeploymentPostprocessing = 0;
		};
/* End PBXSourcesBuildPhase section */

/* Begin PBXTargetDependency section */
		C5B03FF412517BD10087887C /* PBXTargetDependency */ = {
			isa = PBXTargetDependency;
			target = D2AAC07D0554694100DB518D /* ProtocolBuffers */;
			targetProxy = C5B03FF312517BD10087887C /* PBXContainerItemProxy */;
		};
/* End PBXTargetDependency section */

/* Begin XCBuildConfiguration section */
		1DEB921F08733DC00010E9CD /* Debug */ = {
			isa = XCBuildConfiguration;
			buildSettings = {
				ALWAYS_SEARCH_USER_PATHS = NO;
				ARCHS = "$(ARCHS_STANDARD_32_BIT)";
				COPY_PHASE_STRIP = NO;
				DSTROOT = /tmp/ProtocolBuffers.dst;
				GCC_DYNAMIC_NO_PIC = NO;
				GCC_ENABLE_FIX_AND_CONTINUE = YES;
				GCC_MODEL_TUNING = G5;
				GCC_OPTIMIZATION_LEVEL = 0;
				GCC_PRECOMPILE_PREFIX_HEADER = YES;
				GCC_PREFIX_HEADER = ProtocolBuffers_Prefix.pch;
				INSTALL_PATH = /usr/local/lib;
				PRODUCT_NAME = ProtocolBuffers;
			};
			name = Debug;
		};
		1DEB922008733DC00010E9CD /* Release */ = {
			isa = XCBuildConfiguration;
			buildSettings = {
				ALWAYS_SEARCH_USER_PATHS = NO;
				ARCHS = "$(ARCHS_STANDARD_32_BIT)";
				DSTROOT = /tmp/ProtocolBuffers.dst;
				GCC_MODEL_TUNING = G5;
				GCC_PRECOMPILE_PREFIX_HEADER = YES;
				GCC_PREFIX_HEADER = ProtocolBuffers_Prefix.pch;
				INSTALL_PATH = /usr/local/lib;
				PRODUCT_NAME = ProtocolBuffers;
			};
			name = Release;
		};
		1DEB922308733DC00010E9CD /* Debug */ = {
			isa = XCBuildConfiguration;
			buildSettings = {
				ARCHS = "$(ARCHS_STANDARD_32_BIT)";
				GCC_C_LANGUAGE_STANDARD = c99;
				GCC_OPTIMIZATION_LEVEL = 0;
				GCC_WARN_ABOUT_RETURN_TYPE = YES;
				GCC_WARN_UNUSED_VARIABLE = YES;
				OTHER_LDFLAGS = "-ObjC";
				PREBINDING = NO;
				SDKROOT = iphoneos4.1;
			};
			name = Debug;
		};
		1DEB922408733DC00010E9CD /* Release */ = {
			isa = XCBuildConfiguration;
			buildSettings = {
				ARCHS = "$(ARCHS_STANDARD_32_BIT)";
				GCC_C_LANGUAGE_STANDARD = c99;
				GCC_WARN_ABOUT_RETURN_TYPE = YES;
				GCC_WARN_UNUSED_VARIABLE = YES;
				OTHER_LDFLAGS = "-ObjC";
				PREBINDING = NO;
				SDKROOT = iphoneos4.1;
			};
			name = Release;
		};
		C5B03F78125179F50087887C /* Debug */ = {
			isa = XCBuildConfiguration;
			buildSettings = {
				ALWAYS_SEARCH_USER_PATHS = NO;
				ARCHS = "$(ARCHS_STANDARD_32_64_BIT)";
				COPY_PHASE_STRIP = NO;
				FRAMEWORK_SEARCH_PATHS = "$(DEVELOPER_LIBRARY_DIR)/Frameworks";
				GCC_DYNAMIC_NO_PIC = NO;
				GCC_ENABLE_FIX_AND_CONTINUE = NO;
				GCC_ENABLE_OBJC_EXCEPTIONS = YES;
				GCC_MODEL_TUNING = G5;
				GCC_OPTIMIZATION_LEVEL = 0;
				GCC_PRECOMPILE_PREFIX_HEADER = YES;
				GCC_PREFIX_HEADER = "$(SYSTEM_LIBRARY_DIR)/Frameworks/Foundation.framework/Headers/Foundation.h";
				INFOPLIST_FILE = "UnitTests-Info.plist";
				INSTALL_PATH = "$(USER_LIBRARY_DIR)/Bundles";
				OTHER_LDFLAGS = (
					"-framework",
					Foundation,
					"-framework",
					SenTestingKit,
				);
				PREBINDING = NO;
				PRODUCT_NAME = UnitTests;
				SDKROOT = "";
				VALID_ARCHS = "i386 x86_64";
				WRAPPER_EXTENSION = octest;
			};
			name = Debug;
		};
		C5B03F79125179F50087887C /* Release */ = {
			isa = XCBuildConfiguration;
			buildSettings = {
				ALWAYS_SEARCH_USER_PATHS = NO;
				ARCHS = "$(ARCHS_STANDARD_32_64_BIT)";
				COPY_PHASE_STRIP = YES;
				DEBUG_INFORMATION_FORMAT = "dwarf-with-dsym";
				FRAMEWORK_SEARCH_PATHS = "$(DEVELOPER_LIBRARY_DIR)/Frameworks";
				GCC_ENABLE_FIX_AND_CONTINUE = NO;
				GCC_ENABLE_OBJC_EXCEPTIONS = YES;
				GCC_MODEL_TUNING = G5;
				GCC_PRECOMPILE_PREFIX_HEADER = YES;
				GCC_PREFIX_HEADER = "$(SYSTEM_LIBRARY_DIR)/Frameworks/Foundation.framework/Headers/Foundation.h";
				INFOPLIST_FILE = "UnitTests-Info.plist";
				INSTALL_PATH = "$(USER_LIBRARY_DIR)/Bundles";
				OTHER_LDFLAGS = (
					"-framework",
					Foundation,
					"-framework",
					SenTestingKit,
				);
				PREBINDING = NO;
				PRODUCT_NAME = UnitTests;
				SDKROOT = "";
				VALID_ARCHS = "i386 x86_64";
				WRAPPER_EXTENSION = octest;
				ZERO_LINK = NO;
			};
			name = Release;
		};
/* End XCBuildConfiguration section */

/* Begin XCConfigurationList section */
		1DEB921E08733DC00010E9CD /* Build configuration list for PBXNativeTarget "ProtocolBuffers" */ = {
			isa = XCConfigurationList;
			buildConfigurations = (
				1DEB921F08733DC00010E9CD /* Debug */,
				1DEB922008733DC00010E9CD /* Release */,
			);
			defaultConfigurationIsVisible = 0;
			defaultConfigurationName = Release;
		};
		1DEB922208733DC00010E9CD /* Build configuration list for PBXProject "ProtocolBuffers" */ = {
			isa = XCConfigurationList;
			buildConfigurations = (
				1DEB922308733DC00010E9CD /* Debug */,
				1DEB922408733DC00010E9CD /* Release */,
			);
			defaultConfigurationIsVisible = 0;
			defaultConfigurationName = Release;
		};
		C5B03F7A125179F50087887C /* Build configuration list for PBXNativeTarget "UnitTests" */ = {
			isa = XCConfigurationList;
			buildConfigurations = (
				C5B03F78125179F50087887C /* Debug */,
				C5B03F79125179F50087887C /* Release */,
			);
			defaultConfigurationIsVisible = 0;
			defaultConfigurationName = Release;
		};
/* End XCConfigurationList section */
	};
	rootObject = 0867D690FE84028FC02AAC07 /* Project object */;
}
