// !$*UTF8*$!
{
	archiveVersion = 1;
	classes = {
	};
	objectVersion = 46;
	objects = {

/* Begin PBXBuildFile section */
		BE3A706418CF88C9008F79A2 /* Foundation.framework in Frameworks */ = {isa = PBXBuildFile; fileRef = BE3A706318CF88C9008F79A2 /* Foundation.framework */; };
		BE3A706618CF88C9008F79A2 /* CoreGraphics.framework in Frameworks */ = {isa = PBXBuildFile; fileRef = BE3A706518CF88C9008F79A2 /* CoreGraphics.framework */; };
		BE3A706818CF88C9008F79A2 /* UIKit.framework in Frameworks */ = {isa = PBXBuildFile; fileRef = BE3A706718CF88C9008F79A2 /* UIKit.framework */; };
		BE3A706E18CF88C9008F79A2 /* InfoPlist.strings in Resources */ = {isa = PBXBuildFile; fileRef = BE3A706C18CF88C9008F79A2 /* InfoPlist.strings */; };
		BE3A707018CF88C9008F79A2 /* main.m in Sources */ = {isa = PBXBuildFile; fileRef = BE3A706F18CF88C9008F79A2 /* main.m */; };
		BE3A707418CF88C9008F79A2 /* AppDelegate.m in Sources */ = {isa = PBXBuildFile; fileRef = BE3A707318CF88C9008F79A2 /* AppDelegate.m */; };
		BE3A707718CF88C9008F79A2 /* Main.storyboard in Resources */ = {isa = PBXBuildFile; fileRef = BE3A707518CF88C9008F79A2 /* Main.storyboard */; };
		BE3A707A18CF88C9008F79A2 /* ViewController.m in Sources */ = {isa = PBXBuildFile; fileRef = BE3A707918CF88C9008F79A2 /* ViewController.m */; };
		BE3A707C18CF88C9008F79A2 /* Images.xcassets in Resources */ = {isa = PBXBuildFile; fileRef = BE3A707B18CF88C9008F79A2 /* Images.xcassets */; };
		BE3A711818D08089008F79A2 /* NSObject+MKBlockTimer.m in Sources */ = {isa = PBXBuildFile; fileRef = BE3A711718D08089008F79A2 /* NSObject+MKBlockTimer.m */; };
		BE6430AC18DAE9210076F4DC /* ProtocolBuffers.framework in Frameworks */ = {isa = PBXBuildFile; fileRef = BE6430A918DAE90F0076F4DC /* ProtocolBuffers.framework */; };
		BE7D3FE418DA211C00451E2C /* Person.pb.m in Sources */ = {isa = PBXBuildFile; fileRef = BE7D3FE318DA211C00451E2C /* Person.pb.m */; };
/* End PBXBuildFile section */

/* Begin PBXContainerItemProxy section */
		BE6430A818DAE90F0076F4DC /* PBXContainerItemProxy */ = {
			isa = PBXContainerItemProxy;
			containerPortal = BE6430A418DAE90F0076F4DC /* ProtocolBuffers.xcodeproj */;
			proxyType = 2;
			remoteGlobalIDString = 3FF0F69118D0B88900CCE3C7;
			remoteInfo = ProtocolBuffers;
		};
		BE6430AA18DAE91C0076F4DC /* PBXContainerItemProxy */ = {
			isa = PBXContainerItemProxy;
			containerPortal = BE6430A418DAE90F0076F4DC /* ProtocolBuffers.xcodeproj */;
			proxyType = 1;
			remoteGlobalIDString = 3FF0F69018D0B88900CCE3C7;
			remoteInfo = ProtocolBuffers;
		};
/* End PBXContainerItemProxy section */

/* Begin PBXFileReference section */
		BE3A706018CF88C9008F79A2 /* Proto.app */ = {isa = PBXFileReference; explicitFileType = wrapper.application; includeInIndex = 0; path = Proto.app; sourceTree = BUILT_PRODUCTS_DIR; };
		BE3A706318CF88C9008F79A2 /* Foundation.framework */ = {isa = PBXFileReference; lastKnownFileType = wrapper.framework; name = Foundation.framework; path = System/Library/Frameworks/Foundation.framework; sourceTree = SDKROOT; };
		BE3A706518CF88C9008F79A2 /* CoreGraphics.framework */ = {isa = PBXFileReference; lastKnownFileType = wrapper.framework; name = CoreGraphics.framework; path = System/Library/Frameworks/CoreGraphics.framework; sourceTree = SDKROOT; };
		BE3A706718CF88C9008F79A2 /* UIKit.framework */ = {isa = PBXFileReference; lastKnownFileType = wrapper.framework; name = UIKit.framework; path = System/Library/Frameworks/UIKit.framework; sourceTree = SDKROOT; };
		BE3A706B18CF88C9008F79A2 /* Proto-Info.plist */ = {isa = PBXFileReference; lastKnownFileType = text.plist.xml; path = "Proto-Info.plist"; sourceTree = "<group>"; };
		BE3A706D18CF88C9008F79A2 /* en */ = {isa = PBXFileReference; lastKnownFileType = text.plist.strings; name = en; path = en.lproj/InfoPlist.strings; sourceTree = "<group>"; };
		BE3A706F18CF88C9008F79A2 /* main.m */ = {isa = PBXFileReference; lastKnownFileType = sourcecode.c.objc; path = main.m; sourceTree = "<group>"; };
		BE3A707118CF88C9008F79A2 /* Proto-Prefix.pch */ = {isa = PBXFileReference; lastKnownFileType = sourcecode.c.h; path = "Proto-Prefix.pch"; sourceTree = "<group>"; };
		BE3A707218CF88C9008F79A2 /* AppDelegate.h */ = {isa = PBXFileReference; lastKnownFileType = sourcecode.c.h; path = AppDelegate.h; sourceTree = "<group>"; };
		BE3A707318CF88C9008F79A2 /* AppDelegate.m */ = {isa = PBXFileReference; lastKnownFileType = sourcecode.c.objc; path = AppDelegate.m; sourceTree = "<group>"; };
		BE3A707618CF88C9008F79A2 /* Base */ = {isa = PBXFileReference; lastKnownFileType = file.storyboard; name = Base; path = Base.lproj/Main.storyboard; sourceTree = "<group>"; };
		BE3A707818CF88C9008F79A2 /* ViewController.h */ = {isa = PBXFileReference; lastKnownFileType = sourcecode.c.h; path = ViewController.h; sourceTree = "<group>"; };
		BE3A707918CF88C9008F79A2 /* ViewController.m */ = {isa = PBXFileReference; lastKnownFileType = sourcecode.c.objc; path = ViewController.m; sourceTree = "<group>"; };
		BE3A707B18CF88C9008F79A2 /* Images.xcassets */ = {isa = PBXFileReference; lastKnownFileType = folder.assetcatalog; path = Images.xcassets; sourceTree = "<group>"; };
		BE3A708218CF88C9008F79A2 /* XCTest.framework */ = {isa = PBXFileReference; lastKnownFileType = wrapper.framework; name = XCTest.framework; path = Library/Frameworks/XCTest.framework; sourceTree = DEVELOPER_DIR; };
		BE3A711618D08089008F79A2 /* NSObject+MKBlockTimer.h */ = {isa = PBXFileReference; fileEncoding = 4; lastKnownFileType = sourcecode.c.h; path = "NSObject+MKBlockTimer.h"; sourceTree = "<group>"; };
		BE3A711718D08089008F79A2 /* NSObject+MKBlockTimer.m */ = {isa = PBXFileReference; fileEncoding = 4; lastKnownFileType = sourcecode.c.objc; path = "NSObject+MKBlockTimer.m"; sourceTree = "<group>"; };
		BE6430A418DAE90F0076F4DC /* ProtocolBuffers.xcodeproj */ = {isa = PBXFileReference; lastKnownFileType = "wrapper.pb-project"; name = ProtocolBuffers.xcodeproj; path = "../../../framework-src/ProtocolBuffers.xcodeproj"; sourceTree = "<group>"; };
		BE7D3FE218DA211C00451E2C /* Person.pb.h */ = {isa = PBXFileReference; fileEncoding = 4; lastKnownFileType = sourcecode.c.h; name = Person.pb.h; path = ../../Person.pb.h; sourceTree = "<group>"; };
		BE7D3FE318DA211C00451E2C /* Person.pb.m */ = {isa = PBXFileReference; fileEncoding = 4; lastKnownFileType = sourcecode.c.objc; name = Person.pb.m; path = ../../Person.pb.m; sourceTree = "<group>"; };
/* End PBXFileReference section */

/* Begin PBXFrameworksBuildPhase section */
		BE3A705D18CF88C9008F79A2 /* Frameworks */ = {
			isa = PBXFrameworksBuildPhase;
			buildActionMask = 2147483647;
			files = (
				BE6430AC18DAE9210076F4DC /* ProtocolBuffers.framework in Frameworks */,
				BE3A706618CF88C9008F79A2 /* CoreGraphics.framework in Frameworks */,
				BE3A706818CF88C9008F79A2 /* UIKit.framework in Frameworks */,
				BE3A706418CF88C9008F79A2 /* Foundation.framework in Frameworks */,
			);
			runOnlyForDeploymentPostprocessing = 0;
		};
/* End PBXFrameworksBuildPhase section */

/* Begin PBXGroup section */
		BE3A705718CF88C9008F79A2 = {
			isa = PBXGroup;
			children = (
				BE3A706918CF88C9008F79A2 /* Proto */,
				BE3A706218CF88C9008F79A2 /* Frameworks */,
				BE3A706118CF88C9008F79A2 /* Products */,
			);
			sourceTree = "<group>";
		};
		BE3A706118CF88C9008F79A2 /* Products */ = {
			isa = PBXGroup;
			children = (
				BE3A706018CF88C9008F79A2 /* Proto.app */,
			);
			name = Products;
			sourceTree = "<group>";
		};
		BE3A706218CF88C9008F79A2 /* Frameworks */ = {
			isa = PBXGroup;
			children = (
				BE3A706318CF88C9008F79A2 /* Foundation.framework */,
				BE3A706518CF88C9008F79A2 /* CoreGraphics.framework */,
				BE3A706718CF88C9008F79A2 /* UIKit.framework */,
				BE3A708218CF88C9008F79A2 /* XCTest.framework */,
			);
			name = Frameworks;
			sourceTree = "<group>";
		};
		BE3A706918CF88C9008F79A2 /* Proto */ = {
			isa = PBXGroup;
			children = (
				BE7D3FE518DA211E00451E2C /* Lib */,
				BE7D3FE618DA212800451E2C /* Models */,
				BE3A707218CF88C9008F79A2 /* AppDelegate.h */,
				BE3A707318CF88C9008F79A2 /* AppDelegate.m */,
				BE3A707518CF88C9008F79A2 /* Main.storyboard */,
				BE3A707818CF88C9008F79A2 /* ViewController.h */,
				BE3A707918CF88C9008F79A2 /* ViewController.m */,
				BE3A707B18CF88C9008F79A2 /* Images.xcassets */,
				BE3A706A18CF88C9008F79A2 /* Supporting Files */,
			);
			path = Proto;
			sourceTree = "<group>";
		};
		BE3A706A18CF88C9008F79A2 /* Supporting Files */ = {
			isa = PBXGroup;
			children = (
				BE3A706B18CF88C9008F79A2 /* Proto-Info.plist */,
				BE3A706C18CF88C9008F79A2 /* InfoPlist.strings */,
				BE3A706F18CF88C9008F79A2 /* main.m */,
				BE3A707118CF88C9008F79A2 /* Proto-Prefix.pch */,
			);
			name = "Supporting Files";
			sourceTree = "<group>";
		};
		BE6430A518DAE90F0076F4DC /* Products */ = {
			isa = PBXGroup;
			children = (
				BE6430A918DAE90F0076F4DC /* ProtocolBuffers.framework */,
			);
			name = Products;
			sourceTree = "<group>";
		};
		BE7D3FE518DA211E00451E2C /* Lib */ = {
			isa = PBXGroup;
			children = (
				BE6430A418DAE90F0076F4DC /* ProtocolBuffers.xcodeproj */,
				BE3A711618D08089008F79A2 /* NSObject+MKBlockTimer.h */,
				BE3A711718D08089008F79A2 /* NSObject+MKBlockTimer.m */,
			);
			name = Lib;
			sourceTree = "<group>";
		};
		BE7D3FE618DA212800451E2C /* Models */ = {
			isa = PBXGroup;
			children = (
				BE7D3FE218DA211C00451E2C /* Person.pb.h */,
				BE7D3FE318DA211C00451E2C /* Person.pb.m */,
			);
			name = Models;
			sourceTree = "<group>";
		};
/* End PBXGroup section */

/* Begin PBXNativeTarget section */
		BE3A705F18CF88C9008F79A2 /* Proto */ = {
			isa = PBXNativeTarget;
			buildConfigurationList = BE3A709218CF88C9008F79A2 /* Build configuration list for PBXNativeTarget "Proto" */;
			buildPhases = (
				BE3A705C18CF88C9008F79A2 /* Sources */,
				BE3A705D18CF88C9008F79A2 /* Frameworks */,
				BE3A705E18CF88C9008F79A2 /* Resources */,
			);
			buildRules = (
			);
			dependencies = (
				BE6430AB18DAE91C0076F4DC /* PBXTargetDependency */,
			);
			name = Proto;
			productName = Proto;
			productReference = BE3A706018CF88C9008F79A2 /* Proto.app */;
			productType = "com.apple.product-type.application";
		};
/* End PBXNativeTarget section */

/* Begin PBXProject section */
		BE3A705818CF88C9008F79A2 /* Project object */ = {
			isa = PBXProject;
			attributes = {
				LastUpgradeCheck = 0510;
				ORGANIZATIONNAME = Will;
			};
			buildConfigurationList = BE3A705B18CF88C9008F79A2 /* Build configuration list for PBXProject "Proto" */;
			compatibilityVersion = "Xcode 3.2";
			developmentRegion = English;
			hasScannedForEncodings = 0;
			knownRegions = (
				en,
				Base,
			);
			mainGroup = BE3A705718CF88C9008F79A2;
			productRefGroup = BE3A706118CF88C9008F79A2 /* Products */;
			projectDirPath = "";
			projectReferences = (
				{
					ProductGroup = BE6430A518DAE90F0076F4DC /* Products */;
					ProjectRef = BE6430A418DAE90F0076F4DC /* ProtocolBuffers.xcodeproj */;
				},
			);
			projectRoot = "";
			targets = (
				BE3A705F18CF88C9008F79A2 /* Proto */,
			);
		};
/* End PBXProject section */

/* Begin PBXReferenceProxy section */
		BE6430A918DAE90F0076F4DC /* ProtocolBuffers.framework */ = {
			isa = PBXReferenceProxy;
			fileType = wrapper.framework.static;
			path = ProtocolBuffers.framework;
			remoteRef = BE6430A818DAE90F0076F4DC /* PBXContainerItemProxy */;
			sourceTree = BUILT_PRODUCTS_DIR;
		};
/* End PBXReferenceProxy section */

/* Begin PBXResourcesBuildPhase section */
		BE3A705E18CF88C9008F79A2 /* Resources */ = {
			isa = PBXResourcesBuildPhase;
			buildActionMask = 2147483647;
			files = (
				BE3A707C18CF88C9008F79A2 /* Images.xcassets in Resources */,
				BE3A706E18CF88C9008F79A2 /* InfoPlist.strings in Resources */,
				BE3A707718CF88C9008F79A2 /* Main.storyboard in Resources */,
			);
			runOnlyForDeploymentPostprocessing = 0;
		};
/* End PBXResourcesBuildPhase section */

/* Begin PBXSourcesBuildPhase section */
		BE3A705C18CF88C9008F79A2 /* Sources */ = {
			isa = PBXSourcesBuildPhase;
			buildActionMask = 2147483647;
			files = (
				BE3A711818D08089008F79A2 /* NSObject+MKBlockTimer.m in Sources */,
				BE3A707A18CF88C9008F79A2 /* ViewController.m in Sources */,
				BE3A707418CF88C9008F79A2 /* AppDelegate.m in Sources */,
				BE3A707018CF88C9008F79A2 /* main.m in Sources */,
				BE7D3FE418DA211C00451E2C /* Person.pb.m in Sources */,
			);
			runOnlyForDeploymentPostprocessing = 0;
		};
/* End PBXSourcesBuildPhase section */

/* Begin PBXTargetDependency section */
		BE6430AB18DAE91C0076F4DC /* PBXTargetDependency */ = {
			isa = PBXTargetDependency;
			name = ProtocolBuffers;
			targetProxy = BE6430AA18DAE91C0076F4DC /* PBXContainerItemProxy */;
		};
/* End PBXTargetDependency section */

/* Begin PBXVariantGroup section */
		BE3A706C18CF88C9008F79A2 /* InfoPlist.strings */ = {
			isa = PBXVariantGroup;
			children = (
				BE3A706D18CF88C9008F79A2 /* en */,
			);
			name = InfoPlist.strings;
			sourceTree = "<group>";
		};
		BE3A707518CF88C9008F79A2 /* Main.storyboard */ = {
			isa = PBXVariantGroup;
			children = (
				BE3A707618CF88C9008F79A2 /* Base */,
			);
			name = Main.storyboard;
			sourceTree = "<group>";
		};
/* End PBXVariantGroup section */

/* Begin XCBuildConfiguration section */
		BE3A709018CF88C9008F79A2 /* Debug */ = {
			isa = XCBuildConfiguration;
			buildSettings = {
				ALWAYS_SEARCH_USER_PATHS = NO;
				CLANG_CXX_LANGUAGE_STANDARD = "gnu++0x";
				CLANG_CXX_LIBRARY = "libc++";
				CLANG_ENABLE_MODULES = YES;
				CLANG_ENABLE_OBJC_ARC = YES;
				CLANG_WARN_BOOL_CONVERSION = YES;
				CLANG_WARN_CONSTANT_CONVERSION = YES;
				CLANG_WARN_DIRECT_OBJC_ISA_USAGE = YES_ERROR;
				CLANG_WARN_EMPTY_BODY = YES;
				CLANG_WARN_ENUM_CONVERSION = YES;
				CLANG_WARN_INT_CONVERSION = YES;
				CLANG_WARN_OBJC_ROOT_CLASS = YES_ERROR;
				CLANG_WARN__DUPLICATE_METHOD_MATCH = YES;
				"CODE_SIGN_IDENTITY[sdk=iphoneos*]" = "iPhone Developer";
				COPY_PHASE_STRIP = NO;
				GCC_C_LANGUAGE_STANDARD = gnu99;
				GCC_DYNAMIC_NO_PIC = NO;
				GCC_OPTIMIZATION_LEVEL = 0;
				GCC_PREPROCESSOR_DEFINITIONS = (
					"DEBUG=1",
					"$(inherited)",
				);
				GCC_SYMBOLS_PRIVATE_EXTERN = NO;
				GCC_WARN_64_TO_32_BIT_CONVERSION = YES;
				GCC_WARN_ABOUT_RETURN_TYPE = YES_ERROR;
				GCC_WARN_UNDECLARED_SELECTOR = YES;
				GCC_WARN_UNINITIALIZED_AUTOS = YES_AGGRESSIVE;
				GCC_WARN_UNUSED_FUNCTION = YES;
				GCC_WARN_UNUSED_VARIABLE = YES;
				IPHONEOS_DEPLOYMENT_TARGET = 7.1;
				ONLY_ACTIVE_ARCH = YES;
				SDKROOT = iphoneos;
			};
			name = Debug;
		};
		BE3A709118CF88C9008F79A2 /* Release */ = {
			isa = XCBuildConfiguration;
			buildSettings = {
				ALWAYS_SEARCH_USER_PATHS = NO;
				CLANG_CXX_LANGUAGE_STANDARD = "gnu++0x";
				CLANG_CXX_LIBRARY = "libc++";
				CLANG_ENABLE_MODULES = YES;
				CLANG_ENABLE_OBJC_ARC = YES;
				CLANG_WARN_BOOL_CONVERSION = YES;
				CLANG_WARN_CONSTANT_CONVERSION = YES;
				CLANG_WARN_DIRECT_OBJC_ISA_USAGE = YES_ERROR;
				CLANG_WARN_EMPTY_BODY = YES;
				CLANG_WARN_ENUM_CONVERSION = YES;
				CLANG_WARN_INT_CONVERSION = YES;
				CLANG_WARN_OBJC_ROOT_CLASS = YES_ERROR;
				CLANG_WARN__DUPLICATE_METHOD_MATCH = YES;
				"CODE_SIGN_IDENTITY[sdk=iphoneos*]" = "iPhone Developer";
				COPY_PHASE_STRIP = YES;
				ENABLE_NS_ASSERTIONS = NO;
				GCC_C_LANGUAGE_STANDARD = gnu99;
				GCC_WARN_64_TO_32_BIT_CONVERSION = YES;
				GCC_WARN_ABOUT_RETURN_TYPE = YES_ERROR;
				GCC_WARN_UNDECLARED_SELECTOR = YES;
				GCC_WARN_UNINITIALIZED_AUTOS = YES_AGGRESSIVE;
				GCC_WARN_UNUSED_FUNCTION = YES;
				GCC_WARN_UNUSED_VARIABLE = YES;
				IPHONEOS_DEPLOYMENT_TARGET = 7.1;
				SDKROOT = iphoneos;
				VALIDATE_PRODUCT = YES;
			};
			name = Release;
		};
		BE3A709318CF88C9008F79A2 /* Debug */ = {
			isa = XCBuildConfiguration;
			buildSettings = {
				ASSETCATALOG_COMPILER_APPICON_NAME = AppIcon;
				ASSETCATALOG_COMPILER_LAUNCHIMAGE_NAME = LaunchImage;
				FRAMEWORK_SEARCH_PATHS = "$(inherited)";
				GCC_PRECOMPILE_PREFIX_HEADER = YES;
				GCC_PREFIX_HEADER = "Proto/Proto-Prefix.pch";
				INFOPLIST_FILE = "Proto/Proto-Info.plist";
				LIBRARY_SEARCH_PATHS = (
					"$(inherited)",
					"$(PROJECT_DIR)/Proto/ProtocolBuffers",
				);
				PRODUCT_NAME = "$(TARGET_NAME)";
				WRAPPER_EXTENSION = app;
			};
			name = Debug;
		};
		BE3A709418CF88C9008F79A2 /* Release */ = {
			isa = XCBuildConfiguration;
			buildSettings = {
				ASSETCATALOG_COMPILER_APPICON_NAME = AppIcon;
				ASSETCATALOG_COMPILER_LAUNCHIMAGE_NAME = LaunchImage;
				FRAMEWORK_SEARCH_PATHS = "$(inherited)";
				GCC_PRECOMPILE_PREFIX_HEADER = YES;
				GCC_PREFIX_HEADER = "Proto/Proto-Prefix.pch";
				INFOPLIST_FILE = "Proto/Proto-Info.plist";
				LIBRARY_SEARCH_PATHS = (
					"$(inherited)",
					"$(PROJECT_DIR)/Proto/ProtocolBuffers",
				);
				PRODUCT_NAME = "$(TARGET_NAME)";
				WRAPPER_EXTENSION = app;
			};
			name = Release;
		};
/* End XCBuildConfiguration section */

/* Begin XCConfigurationList section */
		BE3A705B18CF88C9008F79A2 /* Build configuration list for PBXProject "Proto" */ = {
			isa = XCConfigurationList;
			buildConfigurations = (
				BE3A709018CF88C9008F79A2 /* Debug */,
				BE3A709118CF88C9008F79A2 /* Release */,
			);
			defaultConfigurationIsVisible = 0;
			defaultConfigurationName = Release;
		};
		BE3A709218CF88C9008F79A2 /* Build configuration list for PBXNativeTarget "Proto" */ = {
			isa = XCConfigurationList;
			buildConfigurations = (
				BE3A709318CF88C9008F79A2 /* Debug */,
				BE3A709418CF88C9008F79A2 /* Release */,
			);
			defaultConfigurationIsVisible = 0;
			defaultConfigurationName = Release;
		};
/* End XCConfigurationList section */
	};
	rootObject = BE3A705818CF88C9008F79A2 /* Project object */;
}
